
Microsoft Visual Studio Solution File, Format Version 12.00
# Visual Studio Version 16
VisualStudioVersion = 16.0.30114.105
MinimumVisualStudioVersion = 10.0.40219.1
Project("{FAE04EC0-301F-11D3-BF4B-00C04F79EFBC}") = "GAMETOP", "GAMETOP\GAMETOP.csproj", "{82130590-0A03-4E87-9788-DFC30D0E4514}"
EndProject
Project("{FAE04EC0-301F-11D3-BF4B-00C04F79EFBC}") = "GAMETOP.Lib", "GAMETOP.Lib\GAMETOP.Lib.csproj", "{4E6D7F17-2DA8-4F9F-9D27-8AAFAFE7E8B9}"
EndProject
Project("{FAE04EC0-301F-11D3-BF4B-00C04F79EFBC}") = "GAMETOP.Interface", "GAMETOP.Interface\GAMETOP.Interface.csproj", "{902E32A5-FC49-4161-80A2-4C1417C00EB7}"
EndProject
Global
	GlobalSection(SolutionConfigurationPlatforms) = preSolution
		Debug|Any CPU = Debug|Any CPU
		Debug|x64 = Debug|x64
		Debug|x86 = Debug|x86
		Release|Any CPU = Release|Any CPU
		Release|x64 = Release|x64
		Release|x86 = Release|x86
	EndGlobalSection
	GlobalSection(SolutionProperties) = preSolution
		HideSolutionNode = FALSE
	EndGlobalSection
	GlobalSection(ProjectConfigurationPlatforms) = postSolution
		{82130590-0A03-4E87-9788-DFC30D0E4514}.Debug|Any CPU.ActiveCfg = Debug|Any CPU
		{82130590-0A03-4E87-9788-DFC30D0E4514}.Debug|Any CPU.Build.0 = Debug|Any CPU
		{82130590-0A03-4E87-9788-DFC30D0E4514}.Debug|x64.ActiveCfg = Debug|Any CPU
		{82130590-0A03-4E87-9788-DFC30D0E4514}.Debug|x64.Build.0 = Debug|Any CPU
		{82130590-0A03-4E87-9788-DFC30D0E4514}.Debug|x86.ActiveCfg = Debug|Any CPU
		{82130590-0A03-4E87-9788-DFC30D0E4514}.Debug|x86.Build.0 = Debug|Any CPU
		{82130590-0A03-4E87-9788-DFC30D0E4514}.Release|Any CPU.ActiveCfg = Release|Any CPU
		{82130590-0A03-4E87-9788-DFC30D0E4514}.Release|Any CPU.Build.0 = Release|Any CPU
		{82130590-0A03-4E87-9788-DFC30D0E4514}.Release|x64.ActiveCfg = Release|Any CPU
		{82130590-0A03-4E87-9788-DFC30D0E4514}.Release|x64.Build.0 = Release|Any CPU
		{82130590-0A03-4E87-9788-DFC30D0E4514}.Release|x86.ActiveCfg = Release|Any CPU
		{82130590-0A03-4E87-9788-DFC30D0E4514}.Release|x86.Build.0 = Release|Any CPU
		{4E6D7F17-2DA8-4F9F-9D27-8AAFAFE7E8B9}.Debug|Any CPU.ActiveCfg = Debug|Any CPU
		{4E6D7F17-2DA8-4F9F-9D27-8AAFAFE7E8B9}.Debug|Any CPU.Build.0 = Debug|Any CPU
		{4E6D7F17-2DA8-4F9F-9D27-8AAFAFE7E8B9}.Debug|x64.ActiveCfg = Debug|Any CPU
		{4E6D7F17-2DA8-4F9F-9D27-8AAFAFE7E8B9}.Debug|x64.Build.0 = Debug|Any CPU
		{4E6D7F17-2DA8-4F9F-9D27-8AAFAFE7E8B9}.Debug|x86.ActiveCfg = Debug|Any CPU
		{4E6D7F17-2DA8-4F9F-9D27-8AAFAFE7E8B9}.Debug|x86.Build.0 = Debug|Any CPU
		{4E6D7F17-2DA8-4F9F-9D27-8AAFAFE7E8B9}.Release|Any CPU.ActiveCfg = Release|Any CPU
		{4E6D7F17-2DA8-4F9F-9D27-8AAFAFE7E8B9}.Release|Any CPU.Build.0 = Release|Any CPU
		{4E6D7F17-2DA8-4F9F-9D27-8AAFAFE7E8B9}.Release|x64.ActiveCfg = Release|Any CPU
		{4E6D7F17-2DA8-4F9F-9D27-8AAFAFE7E8B9}.Release|x64.Build.0 = Release|Any CPU
		{4E6D7F17-2DA8-4F9F-9D27-8AAFAFE7E8B9}.Release|x86.ActiveCfg = Release|Any CPU
		{4E6D7F17-2DA8-4F9F-9D27-8AAFAFE7E8B9}.Release|x86.Build.0 = Release|Any CPU
		{902E32A5-FC49-4161-80A2-4C1417C00EB7}.Debug|Any CPU.ActiveCfg = Debug|Any CPU
		{902E32A5-FC49-4161-80A2-4C1417C00EB7}.Debug|Any CPU.Build.0 = Debug|Any CPU
		{902E32A5-FC49-4161-80A2-4C1417C00EB7}.Debug|x64.ActiveCfg = Debug|Any CPU
		{902E32A5-FC49-4161-80A2-4C1417C00EB7}.Debug|x64.Build.0 = Debug|Any CPU
		{902E32A5-FC49-4161-80A2-4C1417C00EB7}.Debug|x86.ActiveCfg = Debug|Any CPU
		{902E32A5-FC49-4161-80A2-4C1417C00EB7}.Debug|x86.Build.0 = Debug|Any CPU
		{902E32A5-FC49-4161-80A2-4C1417C00EB7}.Release|Any CPU.ActiveCfg = Release|Any CPU
		{902E32A5-FC49-4161-80A2-4C1417C00EB7}.Release|Any CPU.Build.0 = Release|Any CPU
		{902E32A5-FC49-4161-80A2-4C1417C00EB7}.Release|x64.ActiveCfg = Release|Any CPU
		{902E32A5-FC49-4161-80A2-4C1417C00EB7}.Release|x64.Build.0 = Release|Any CPU
		{902E32A5-FC49-4161-80A2-4C1417C00EB7}.Release|x86.ActiveCfg = Release|Any CPU
		{902E32A5-FC49-4161-80A2-4C1417C00EB7}.Release|x86.Build.0 = Release|Any CPU
	EndGlobalSection
EndGlobal
